PODS:
  - Alamofire (4.8.0)
  - AudioKit (4.5.4):
    - AudioKit/Core (= 4.5.4)
    - AudioKit/UI (= 4.5.4)
  - AudioKit/Core (4.5.4)
  - AudioKit/UI (4.5.4):
    - AudioKit/Core
  - PathKit (0.9.2)
  - PromisesObjC (1.2.4)
  - PromisesSwift (1.2.4):
    - PromisesObjC (= 1.2.4)
  - SigmaSwiftStatistics (8.0.1)
  - Stencil (0.13.1):
    - PathKit (~> 0.9.0)
  - SwiftyJSON (4.2.0)
  - Yams (1.0.1)

DEPENDENCIES:
  - Alamofire (~> 4.8.0)
  - AudioKit (~> 4.5)
  - PromisesSwift (~> 1.2.4)
  - SigmaSwiftStatistics (~> 8.0)
  - Stencil (~> 0.13.1)
  - SwiftyJSON (~> 4.0)
  - Yams (~> 1.0.1)

SPEC REPOS:
  https://github.com/cocoapods/specs.git:
    - Alamofire
    - AudioKit
    - PathKit
    - PromisesObjC
    - PromisesSwift
    - SigmaSwiftStatistics
    - Stencil
    - SwiftyJSON
    - Yams

SPEC CHECKSUMS:
  Alamofire: 3ec537f71edc9804815215393ae2b1a8ea33a844
  AudioKit: af3f5b73e22f85f3cd03076fea8afbb9658f0938
  PathKit: 273f59a38e3218eb95abd9f6a61730a8bcfd2f06
  PromisesObjC: 4a3f2e30a0eb793e9bbb32cd367b625d4a14de5a
  PromisesSwift: 8e1d2cdbc3cafb4f09d4b82df12f645bc19ab64e
  SigmaSwiftStatistics: 063591f136428920b3083e3d9c181c9c6b1a9dec
  Stencil: b5128a0a43ece9225db5cbd94d6569fe6fba609b
  SwiftyJSON: c4bcba26dd9ec7a027fc8eade48e2c911f229e96
  Yams: 572f625a8b719b73e0b57fd313c680f3e2161fe9

PODFILE CHECKSUM: 6970d9694921e7bd46001bdb0e77cfc31de3a9b2

COCOAPODS: 1.5.3
