PODS:
  - AudioKit (4.5.4):
    - AudioKit/Core (= 4.5.4)
    - AudioKit/UI (= 4.5.4)
  - AudioKit/Core (4.5.4)
  - AudioKit/UI (4.5.4):
    - AudioKit/Core

DEPENDENCIES:
  - AudioKit (~> 4.5)

SPEC REPOS:
  https://github.com/cocoapods/specs.git:
    - AudioKit

SPEC CHECKSUMS:
  AudioKit: af3f5b73e22f85f3cd03076fea8afbb9658f0938

PODFILE CHECKSUM: c491d6b0a3b383d763b4606803fb7508c3d6bd70

COCOAPODS: 1.5.3
